// !$*UTF8*$!
{
	archiveVersion = 1;
	classes = {
	};
	objectVersion = 55;
	objects = {

/* Begin PBXBuildFile section */
		B1316B1428F5BE0D003AE9CC /* source.c++ in Sources */ = {isa = PBXBuildFile; fileRef = B1AA253528F45F2F00D933F8 /* source.c++ */; };
/* End PBXBuildFile section */

/* Begin PBXCopyFilesBuildPhase section */
		B13977FD27B39F730061ADDB /* CopyFiles */ = {
			isa = PBXCopyFilesBuildPhase;
			buildActionMask = 2147483647;
			dstPath = /usr/share/man/man1/;
			dstSubfolderSpec = 0;
			files = (
			);
			runOnlyForDeploymentPostprocessing = 1;
		};
/* End PBXCopyFilesBuildPhase section */

/* Begin PBXFileReference section */
		B125975629C94CB400742EC1 /* 그리디(CPP).md */ = {isa = PBXFileReference; lastKnownFileType = net.daringfireball.markdown; path = "그리디(CPP).md"; sourceTree = "<group>"; };
		B125975729C94EF000742EC1 /* 백트래킹(CPP).md */ = {isa = PBXFileReference; lastKnownFileType = net.daringfireball.markdown; path = "백트래킹(CPP).md"; sourceTree = "<group>"; };
		B1527DA428F095F400E9F427 /* 코테 */ = {isa = PBXFileReference; lastKnownFileType = folder; path = "코테"; sourceTree = "<group>"; };
		B1527DA528F095F400E9F427 /* 백준 */ = {isa = PBXFileReference; lastKnownFileType = folder; path = "백준"; sourceTree = "<group>"; };
		B1527DA628F095F400E9F427 /* 템플릿 */ = {isa = PBXFileReference; lastKnownFileType = folder; path = "템플릿"; sourceTree = "<group>"; };
		B1527DA728F095F400E9F427 /* 프로그래머스 */ = {isa = PBXFileReference; lastKnownFileType = folder; path = "프로그래머스"; sourceTree = "<group>"; };
		B1527DA828F095F400E9F427 /* README.md */ = {isa = PBXFileReference; fileEncoding = 4; lastKnownFileType = net.daringfireball.markdown; path = README.md; sourceTree = "<group>"; };
		B15F39AE28E283900004188F /* PS */ = {isa = PBXFileReference; explicitFileType = "compiled.mach-o.executable"; includeInIndex = 0; path = PS; sourceTree = BUILT_PRODUCTS_DIR; };
		B19B797429C94BDD00D512B4 /* 우선순위큐(priority_queue).md */ = {isa = PBXFileReference; lastKnownFileType = net.daringfireball.markdown; path = "우선순위큐(priority_queue).md"; sourceTree = "<group>"; };
		B19B797529C94BDD00D512B4 /* test.js */ = {isa = PBXFileReference; lastKnownFileType = sourcecode.javascript; path = test.js; sourceTree = "<group>"; };
		B19B797629C94BDD00D512B4 /* 트리(tree).md */ = {isa = PBXFileReference; lastKnownFileType = net.daringfireball.markdown; path = "트리(tree).md"; sourceTree = "<group>"; };
		B19B797729C94BDD00D512B4 /* 큐(queue).md */ = {isa = PBXFileReference; lastKnownFileType = net.daringfireball.markdown; path = "큐(queue).md"; sourceTree = "<group>"; };
		B19B797829C94BDD00D512B4 /* 스택(stack).md */ = {isa = PBXFileReference; lastKnownFileType = net.daringfireball.markdown; path = "스택(stack).md"; sourceTree = "<group>"; };
		B19B797929C94BDD00D512B4 /* DFS BFS(JS).md */ = {isa = PBXFileReference; lastKnownFileType = net.daringfireball.markdown; path = "DFS BFS(JS).md"; sourceTree = "<group>"; };
		B19B797B29C94BDD00D512B4 /* 진법 변환(CPP).md */ = {isa = PBXFileReference; lastKnownFileType = net.daringfireball.markdown; path = "진법 변환(CPP).md"; sourceTree = "<group>"; };
		B19B797C29C94BDD00D512B4 /* 플로이드워셜(CPP).md */ = {isa = PBXFileReference; lastKnownFileType = net.daringfireball.markdown; path = "플로이드워셜(CPP).md"; sourceTree = "<group>"; };
		B19B797D29C94BDD00D512B4 /* 벡터(CPP).md */ = {isa = PBXFileReference; lastKnownFileType = net.daringfireball.markdown; path = "벡터(CPP).md"; sourceTree = "<group>"; };
		B19B797E29C94BDD00D512B4 /* 이분탐색(CPP).md */ = {isa = PBXFileReference; lastKnownFileType = net.daringfireball.markdown; path = "이분탐색(CPP).md"; sourceTree = "<group>"; };
		B19B797F29C94BDD00D512B4 /* 위상정렬(CPP).md */ = {isa = PBXFileReference; lastKnownFileType = net.daringfireball.markdown; path = "위상정렬(CPP).md"; sourceTree = "<group>"; };
		B19B798029C94BDD00D512B4 /* 맵(CPP).md */ = {isa = PBXFileReference; lastKnownFileType = net.daringfireball.markdown; path = "맵(CPP).md"; sourceTree = "<group>"; };
		B19B798129C94BDD00D512B4 /* 문자열파싱(CPP).md */ = {isa = PBXFileReference; lastKnownFileType = net.daringfireball.markdown; path = "문자열파싱(CPP).md"; sourceTree = "<group>"; };
		B19B798229C94BDD00D512B4 /* 다익스트라(CPP).md */ = {isa = PBXFileReference; lastKnownFileType = net.daringfireball.markdown; path = "다익스트라(CPP).md"; sourceTree = "<group>"; };
		B19B798329C94BDD00D512B4 /* DP(CPP).md */ = {isa = PBXFileReference; lastKnownFileType = net.daringfireball.markdown; path = "DP(CPP).md"; sourceTree = "<group>"; };
		B19B798429C94BDD00D512B4 /* 최대공약수 최소공배수(CPP).md */ = {isa = PBXFileReference; lastKnownFileType = net.daringfireball.markdown; path = "최대공약수 최소공배수(CPP).md"; sourceTree = "<group>"; };
		B19B798529C94BDD00D512B4 /* 이항계수(CPP).md */ = {isa = PBXFileReference; lastKnownFileType = net.daringfireball.markdown; path = "이항계수(CPP).md"; sourceTree = "<group>"; };
		B19B798629C94BDD00D512B4 /* 소수 판별(CPP).md */ = {isa = PBXFileReference; lastKnownFileType = net.daringfireball.markdown; path = "소수 판별(CPP).md"; sourceTree = "<group>"; };
		B19B798729C94BDD00D512B4 /* 벨만포드(CPP).md */ = {isa = PBXFileReference; lastKnownFileType = net.daringfireball.markdown; path = "벨만포드(CPP).md"; sourceTree = "<group>"; };
		B19B798829C94BDD00D512B4 /* 좌표 압축(CPP).md */ = {isa = PBXFileReference; lastKnownFileType = net.daringfireball.markdown; path = "좌표 압축(CPP).md"; sourceTree = "<group>"; };
		B19B798929C94BDD00D512B4 /* DFS BFS(CPP).md */ = {isa = PBXFileReference; lastKnownFileType = net.daringfireball.markdown; path = "DFS BFS(CPP).md"; sourceTree = "<group>"; };
		B19B798A29C94BDD00D512B4 /* 사이클판별(CPP).md */ = {isa = PBXFileReference; lastKnownFileType = net.daringfireball.markdown; path = "사이클판별(CPP).md"; sourceTree = "<group>"; };
		B19B798B29C94BDD00D512B4 /* 최소신장트리(CPP).md */ = {isa = PBXFileReference; lastKnownFileType = net.daringfireball.markdown; path = "최소신장트리(CPP).md"; sourceTree = "<group>"; };
		B19B798C29C94BDD00D512B4 /* 누적합(CPP).md */ = {isa = PBXFileReference; lastKnownFileType = net.daringfireball.markdown; path = "누적합(CPP).md"; sourceTree = "<group>"; };
		B19B798D29C94BDD00D512B4 /* 분리집합(CPP).md */ = {isa = PBXFileReference; lastKnownFileType = net.daringfireball.markdown; path = "분리집합(CPP).md"; sourceTree = "<group>"; };
		B19B798E29C94BDD00D512B4 /* 행렬 연산(CPP).md */ = {isa = PBXFileReference; lastKnownFileType = net.daringfireball.markdown; path = "행렬 연산(CPP).md"; sourceTree = "<group>"; };
		B1AA253528F45F2F00D933F8 /* source.c++ */ = {isa = PBXFileReference; lastKnownFileType = sourcecode.cpp.cpp; path = "source.c++"; sourceTree = "<group>"; };
		B1D2E97629CC361D00BC216C /* LIS(CPP).md */ = {isa = PBXFileReference; lastKnownFileType = net.daringfireball.markdown; path = "LIS(CPP).md"; sourceTree = "<group>"; };
/* End PBXFileReference section */

/* Begin PBXFrameworksBuildPhase section */
		B13977FC27B39F730061ADDB /* Frameworks */ = {
			isa = PBXFrameworksBuildPhase;
			buildActionMask = 2147483647;
			files = (
			);
			runOnlyForDeploymentPostprocessing = 0;
		};
/* End PBXFrameworksBuildPhase section */

/* Begin PBXGroup section */
		B13977F627B39F730061ADDB = {
			isa = PBXGroup;
			children = (
				B1AA253528F45F2F00D933F8 /* source.c++ */,
				B1527DA528F095F400E9F427 /* 백준 */,
				B1527DA428F095F400E9F427 /* 코테 */,
				B1527DA628F095F400E9F427 /* 템플릿 */,
				B1527DA728F095F400E9F427 /* 프로그래머스 */,
				B19B797A29C94BDD00D512B4 /* 유형_CPP_VER */,
				B19B797329C94BDD00D512B4 /* 유형_JS_VER */,
				B15F39AE28E283900004188F /* PS */,
				B1527DA828F095F400E9F427 /* README.md */,
			);
			sourceTree = "<group>";
		};
		B19B797329C94BDD00D512B4 /* 유형_JS_VER */ = {
			isa = PBXGroup;
			children = (
				B19B797429C94BDD00D512B4 /* 우선순위큐(priority_queue).md */,
				B19B797529C94BDD00D512B4 /* test.js */,
				B19B797629C94BDD00D512B4 /* 트리(tree).md */,
				B19B797729C94BDD00D512B4 /* 큐(queue).md */,
				B19B797829C94BDD00D512B4 /* 스택(stack).md */,
				B19B797929C94BDD00D512B4 /* DFS BFS(JS).md */,
			);
			path = "유형_JS_VER";
			sourceTree = "<group>";
		};
		B19B797A29C94BDD00D512B4 /* 유형_CPP_VER */ = {
			isa = PBXGroup;
			children = (
				B19B797B29C94BDD00D512B4 /* 진법 변환(CPP).md */,
				B19B797C29C94BDD00D512B4 /* 플로이드워셜(CPP).md */,
				B19B797D29C94BDD00D512B4 /* 벡터(CPP).md */,
				B19B797E29C94BDD00D512B4 /* 이분탐색(CPP).md */,
				B19B797F29C94BDD00D512B4 /* 위상정렬(CPP).md */,
				B19B798029C94BDD00D512B4 /* 맵(CPP).md */,
				B19B798129C94BDD00D512B4 /* 문자열파싱(CPP).md */,
				B19B798229C94BDD00D512B4 /* 다익스트라(CPP).md */,
				B19B798329C94BDD00D512B4 /* DP(CPP).md */,
				B19B798429C94BDD00D512B4 /* 최대공약수 최소공배수(CPP).md */,
				B19B798529C94BDD00D512B4 /* 이항계수(CPP).md */,
				B19B798629C94BDD00D512B4 /* 소수 판별(CPP).md */,
				B19B798729C94BDD00D512B4 /* 벨만포드(CPP).md */,
				B19B798829C94BDD00D512B4 /* 좌표 압축(CPP).md */,
				B19B798929C94BDD00D512B4 /* DFS BFS(CPP).md */,
				B19B798A29C94BDD00D512B4 /* 사이클판별(CPP).md */,
				B19B798B29C94BDD00D512B4 /* 최소신장트리(CPP).md */,
				B19B798C29C94BDD00D512B4 /* 누적합(CPP).md */,
				B19B798D29C94BDD00D512B4 /* 분리집합(CPP).md */,
				B19B798E29C94BDD00D512B4 /* 행렬 연산(CPP).md */,
				B125975629C94CB400742EC1 /* 그리디(CPP).md */,
				B125975729C94EF000742EC1 /* 백트래킹(CPP).md */,
				B1D2E97629CC361D00BC216C /* LIS(CPP).md */,
			);
			path = "유형_CPP_VER";
			sourceTree = "<group>";
		};
/* End PBXGroup section */

/* Begin PBXNativeTarget section */
		B13977FE27B39F730061ADDB /* PS */ = {
			isa = PBXNativeTarget;
			buildConfigurationList = B139780627B39F730061ADDB /* Build configuration list for PBXNativeTarget "PS" */;
			buildPhases = (
				B13977FC27B39F730061ADDB /* Frameworks */,
				B13977FD27B39F730061ADDB /* CopyFiles */,
				B1DA8403280E3ADB00428A41 /* Sources */,
			);
			buildRules = (
			);
			dependencies = (
			);
			name = PS;
			productName = PS;
			productReference = B15F39AE28E283900004188F /* PS */;
			productType = "com.apple.product-type.tool";
		};
/* End PBXNativeTarget section */

/* Begin PBXProject section */
		B13977F727B39F730061ADDB /* Project object */ = {
			isa = PBXProject;
			attributes = {
				BuildIndependentTargetsInParallel = 1;
				LastUpgradeCheck = 1340;
				TargetAttributes = {
					B13977FE27B39F730061ADDB = {
						CreatedOnToolsVersion = 13.2.1;
					};
				};
			};
			buildConfigurationList = B13977FA27B39F730061ADDB /* Build configuration list for PBXProject "PS" */;
			compatibilityVersion = "Xcode 13.0";
			developmentRegion = en;
			hasScannedForEncodings = 0;
			knownRegions = (
				en,
				Base,
			);
			mainGroup = B13977F627B39F730061ADDB;
			productRefGroup = B13977F627B39F730061ADDB;
			projectDirPath = "";
			projectRoot = "";
			targets = (
				B13977FE27B39F730061ADDB /* PS */,
			);
		};
/* End PBXProject section */

/* Begin PBXSourcesBuildPhase section */
		B1DA8403280E3ADB00428A41 /* Sources */ = {
			isa = PBXSourcesBuildPhase;
			buildActionMask = 2147483647;
			files = (
				B1316B1428F5BE0D003AE9CC /* source.c++ in Sources */,
			);
			runOnlyForDeploymentPostprocessing = 0;
		};
/* End PBXSourcesBuildPhase section */

/* Begin XCBuildConfiguration section */
		B139780427B39F730061ADDB /* Debug */ = {
			isa = XCBuildConfiguration;
			buildSettings = {
				ALWAYS_SEARCH_USER_PATHS = NO;
				CLANG_ANALYZER_NONNULL = YES;
				CLANG_ANALYZER_NUMBER_OBJECT_CONVERSION = YES_AGGRESSIVE;
				CLANG_CXX_LANGUAGE_STANDARD = "gnu++17";
				CLANG_CXX_LIBRARY = "libc++";
				CLANG_ENABLE_MODULES = YES;
				CLANG_ENABLE_OBJC_ARC = YES;
				CLANG_ENABLE_OBJC_WEAK = YES;
				CLANG_WARN_BLOCK_CAPTURE_AUTORELEASING = YES;
				CLANG_WARN_BOOL_CONVERSION = YES;
				CLANG_WARN_COMMA = YES;
				CLANG_WARN_CONSTANT_CONVERSION = YES;
				CLANG_WARN_DEPRECATED_OBJC_IMPLEMENTATIONS = YES;
				CLANG_WARN_DIRECT_OBJC_ISA_USAGE = YES_ERROR;
				CLANG_WARN_DOCUMENTATION_COMMENTS = YES;
				CLANG_WARN_EMPTY_BODY = YES;
				CLANG_WARN_ENUM_CONVERSION = YES;
				CLANG_WARN_INFINITE_RECURSION = YES;
				CLANG_WARN_INT_CONVERSION = YES;
				CLANG_WARN_NON_LITERAL_NULL_CONVERSION = YES;
				CLANG_WARN_OBJC_IMPLICIT_RETAIN_SELF = YES;
				CLANG_WARN_OBJC_LITERAL_CONVERSION = YES;
				CLANG_WARN_OBJC_ROOT_CLASS = YES_ERROR;
				CLANG_WARN_QUOTED_INCLUDE_IN_FRAMEWORK_HEADER = YES;
				CLANG_WARN_RANGE_LOOP_ANALYSIS = YES;
				CLANG_WARN_STRICT_PROTOTYPES = YES;
				CLANG_WARN_SUSPICIOUS_MOVE = YES;
				CLANG_WARN_UNGUARDED_AVAILABILITY = YES_AGGRESSIVE;
				CLANG_WARN_UNREACHABLE_CODE = YES;
				CLANG_WARN__DUPLICATE_METHOD_MATCH = YES;
				COPY_PHASE_STRIP = NO;
				DEBUG_INFORMATION_FORMAT = dwarf;
				ENABLE_STRICT_OBJC_MSGSEND = YES;
				ENABLE_TESTABILITY = YES;
				GCC_C_LANGUAGE_STANDARD = gnu11;
				GCC_DYNAMIC_NO_PIC = NO;
				GCC_NO_COMMON_BLOCKS = YES;
				GCC_OPTIMIZATION_LEVEL = 0;
				GCC_PREPROCESSOR_DEFINITIONS = (
					"DEBUG=1",
					"$(inherited)",
				);
				GCC_WARN_64_TO_32_BIT_CONVERSION = YES;
				GCC_WARN_ABOUT_RETURN_TYPE = YES_ERROR;
				GCC_WARN_UNDECLARED_SELECTOR = YES;
				GCC_WARN_UNINITIALIZED_AUTOS = YES_AGGRESSIVE;
				GCC_WARN_UNUSED_FUNCTION = YES;
				GCC_WARN_UNUSED_VARIABLE = YES;
				MACOSX_DEPLOYMENT_TARGET = 12.0;
				MTL_ENABLE_DEBUG_INFO = INCLUDE_SOURCE;
				MTL_FAST_MATH = YES;
				ONLY_ACTIVE_ARCH = YES;
				SDKROOT = macosx;
			};
			name = Debug;
		};
		B139780527B39F730061ADDB /* Release */ = {
			isa = XCBuildConfiguration;
			buildSettings = {
				ALWAYS_SEARCH_USER_PATHS = NO;
				CLANG_ANALYZER_NONNULL = YES;
				CLANG_ANALYZER_NUMBER_OBJECT_CONVERSION = YES_AGGRESSIVE;
				CLANG_CXX_LANGUAGE_STANDARD = "gnu++17";
				CLANG_CXX_LIBRARY = "libc++";
				CLANG_ENABLE_MODULES = YES;
				CLANG_ENABLE_OBJC_ARC = YES;
				CLANG_ENABLE_OBJC_WEAK = YES;
				CLANG_WARN_BLOCK_CAPTURE_AUTORELEASING = YES;
				CLANG_WARN_BOOL_CONVERSION = YES;
				CLANG_WARN_COMMA = YES;
				CLANG_WARN_CONSTANT_CONVERSION = YES;
				CLANG_WARN_DEPRECATED_OBJC_IMPLEMENTATIONS = YES;
				CLANG_WARN_DIRECT_OBJC_ISA_USAGE = YES_ERROR;
				CLANG_WARN_DOCUMENTATION_COMMENTS = YES;
				CLANG_WARN_EMPTY_BODY = YES;
				CLANG_WARN_ENUM_CONVERSION = YES;
				CLANG_WARN_INFINITE_RECURSION = YES;
				CLANG_WARN_INT_CONVERSION = YES;
				CLANG_WARN_NON_LITERAL_NULL_CONVERSION = YES;
				CLANG_WARN_OBJC_IMPLICIT_RETAIN_SELF = YES;
				CLANG_WARN_OBJC_LITERAL_CONVERSION = YES;
				CLANG_WARN_OBJC_ROOT_CLASS = YES_ERROR;
				CLANG_WARN_QUOTED_INCLUDE_IN_FRAMEWORK_HEADER = YES;
				CLANG_WARN_RANGE_LOOP_ANALYSIS = YES;
				CLANG_WARN_STRICT_PROTOTYPES = YES;
				CLANG_WARN_SUSPICIOUS_MOVE = YES;
				CLANG_WARN_UNGUARDED_AVAILABILITY = YES_AGGRESSIVE;
				CLANG_WARN_UNREACHABLE_CODE = YES;
				CLANG_WARN__DUPLICATE_METHOD_MATCH = YES;
				COPY_PHASE_STRIP = NO;
				DEBUG_INFORMATION_FORMAT = "dwarf-with-dsym";
				ENABLE_NS_ASSERTIONS = NO;
				ENABLE_STRICT_OBJC_MSGSEND = YES;
				GCC_C_LANGUAGE_STANDARD = gnu11;
				GCC_NO_COMMON_BLOCKS = YES;
				GCC_WARN_64_TO_32_BIT_CONVERSION = YES;
				GCC_WARN_ABOUT_RETURN_TYPE = YES_ERROR;
				GCC_WARN_UNDECLARED_SELECTOR = YES;
				GCC_WARN_UNINITIALIZED_AUTOS = YES_AGGRESSIVE;
				GCC_WARN_UNUSED_FUNCTION = YES;
				GCC_WARN_UNUSED_VARIABLE = YES;
				MACOSX_DEPLOYMENT_TARGET = 12.0;
				MTL_ENABLE_DEBUG_INFO = NO;
				MTL_FAST_MATH = YES;
				SDKROOT = macosx;
			};
			name = Release;
		};
		B139780727B39F730061ADDB /* Debug */ = {
			isa = XCBuildConfiguration;
			buildSettings = {
				CODE_SIGN_IDENTITY = "-";
				CODE_SIGN_STYLE = Automatic;
				PRODUCT_NAME = "$(TARGET_NAME)";
			};
			name = Debug;
		};
		B139780827B39F730061ADDB /* Release */ = {
			isa = XCBuildConfiguration;
			buildSettings = {
				CODE_SIGN_IDENTITY = "-";
				CODE_SIGN_STYLE = Automatic;
				PRODUCT_NAME = "$(TARGET_NAME)";
			};
			name = Release;
		};
/* End XCBuildConfiguration section */

/* Begin XCConfigurationList section */
		B13977FA27B39F730061ADDB /* Build configuration list for PBXProject "PS" */ = {
			isa = XCConfigurationList;
			buildConfigurations = (
				B139780427B39F730061ADDB /* Debug */,
				B139780527B39F730061ADDB /* Release */,
			);
			defaultConfigurationIsVisible = 0;
			defaultConfigurationName = Release;
		};
		B139780627B39F730061ADDB /* Build configuration list for PBXNativeTarget "PS" */ = {
			isa = XCConfigurationList;
			buildConfigurations = (
				B139780727B39F730061ADDB /* Debug */,
				B139780827B39F730061ADDB /* Release */,
			);
			defaultConfigurationIsVisible = 0;
			defaultConfigurationName = Release;
		};
/* End XCConfigurationList section */
	};
	rootObject = B13977F727B39F730061ADDB /* Project object */;
}
